dependencies:
- name: cert-manager
  repository: oci://quay.io/jetstack/charts
  version: v1.18.2
- name: gha-runner-scale-set-controller
  repository: oci://ghcr.io/actions/actions-runner-controller-charts
  version: 0.12.1
- name: ingress-nginx
  repository: https://kubernetes.github.io/ingress-nginx
  version: 4.11.3
- name: docker-registry
  repository: https://helm.twun.io
  version: 2.2.3
digest: sha256:91b5674e6ce9007692b0ef2391a3daf59b91a11ccc8a3a368a8037b86a9cb973
generated: "2025-09-07T00:31:05.434954881-05:00"
