dependencies:
- name: ingress-nginx
  repository: https://kubernetes.github.io/ingress-nginx
  version: 4.11.3
- name: cert-manager
  repository: oci://quay.io/jetstack/charts
  version: v1.18.2
- name: cloudnative-pg
  repository: https://cloudnative-pg.github.io/charts
  version: 0.23.0
- name: base
  repository: https://istio-release.storage.googleapis.com/charts
  version: 1.24.2
- name: istiod
  repository: https://istio-release.storage.googleapis.com/charts
  version: 1.24.2
digest: sha256:117f11bc656a8d959230a0e4677008b5fe9d340590591146ee725df1593e81e2
generated: "2026-01-27T21:47:10.311252238Z"
